{
  "lockfile_version": "1",
  "packages": {
    "go@latest": {
      "last_modified": "2024-08-14T11:41:26Z",
      "resolved": "github:NixOS/nixpkgs/0cb2fd7c59fed0cd82ef858cbcbdb552b9a33465#go_1_23",
      "source": "devbox-search",
      "version": "1.23.0",
      "systems": {
        "aarch64-darwin": {
          "outputs": [
            {
              "name": "out",
              "path": "/nix/store/x097y3rdlvw6ax1id52xx2didgzxjg34-go-1.23.0",
              "default": true
            }
          ],
          "store_path": "/nix/store/x097y3rdlvw6ax1id52xx2didgzxjg34-go-1.23.0"
        },
        "aarch64-linux": {
          "outputs": [
            {
              "name": "out",
              "path": "/nix/store/znns5qk7fbhjb89bqhabxjxpgiq2ag1a-go-1.23.0",
              "default": true
            }
          ],
          "store_path": "/nix/store/znns5qk7fbhjb89bqhabxjxpgiq2ag1a-go-1.23.0"
        },
        "x86_64-darwin": {
          "outputs": [
            {
              "name": "out",
              "path": "/nix/store/psym5ggdincwihwd81kssc4gbw1k3p3h-go-1.23.0",
              "default": true
            }
          ],
          "store_path": "/nix/store/psym5ggdincwihwd81kssc4gbw1k3p3h-go-1.23.0"
        },
        "x86_64-linux": {
          "outputs": [
            {
              "name": "out",
              "path": "/nix/store/0k144pnsvy0wa3dcl1y3df7d4zskylc4-go-1.23.0",
              "default": true
            }
          ],
          "store_path": "/nix/store/0k144pnsvy0wa3dcl1y3df7d4zskylc4-go-1.23.0"
        }
      }
    },
    "nodejs@latest": {
      "last_modified": "2024-08-14T11:41:26Z",
      "plugin_version": "0.0.2",
      "resolved": "github:NixOS/nixpkgs/0cb2fd7c59fed0cd82ef858cbcbdb552b9a33465#nodejs_22",
      "source": "devbox-search",
      "version": "22.5.1",
      "systems": {
        "aarch64-darwin": {
          "outputs": [
            {
              "name": "out",
              "path": "/nix/store/vbbk37g24vayjad0jzi7jyf92rbadz7l-nodejs-22.5.1",
              "default": true
            },
            {
              "name": "libv8",
              "path": "/nix/store/yz4k4kg5spvnr5hfl0zam0180qmi82nk-nodejs-22.5.1-libv8"
            }
          ],
          "store_path": "/nix/store/vbbk37g24vayjad0jzi7jyf92rbadz7l-nodejs-22.5.1"
        },
        "aarch64-linux": {
          "outputs": [
            {
              "name": "out",
              "path": "/nix/store/85ngdpilv2mdhb8b5fmqzrbnkhin7jwn-nodejs-22.5.1",
              "default": true
            },
            {
              "name": "libv8",
              "path": "/nix/store/12a20901b329n3zj9b1a0c5swcm37yvy-nodejs-22.5.1-libv8"
            }
          ],
          "store_path": "/nix/store/85ngdpilv2mdhb8b5fmqzrbnkhin7jwn-nodejs-22.5.1"
        },
        "x86_64-darwin": {
          "outputs": [
            {
              "name": "out",
              "path": "/nix/store/nzjjzxmab6ph0s4dprqw1b6v9piancsi-nodejs-22.5.1",
              "default": true
            },
            {
              "name": "libv8",
              "path": "/nix/store/xnxcqr676ffb62gkz3nwh4zyiarla7hi-nodejs-22.5.1-libv8"
            }
          ],
          "store_path": "/nix/store/nzjjzxmab6ph0s4dprqw1b6v9piancsi-nodejs-22.5.1"
        },
        "x86_64-linux": {
          "outputs": [
            {
              "name": "out",
              "path": "/nix/store/kxy4210mqs50ribr9dj2y6r03mbmjifj-nodejs-22.5.1",
              "default": true
            },
            {
              "name": "libv8",
              "path": "/nix/store/ii07lzp5c0h21g1cm681bimak86np677-nodejs-22.5.1-libv8"
            }
          ],
          "store_path": "/nix/store/kxy4210mqs50ribr9dj2y6r03mbmjifj-nodejs-22.5.1"
        }
      }
    },
    "poetry@latest": {
      "last_modified": "2024-08-27T08:49:48Z",
      "plugin_version": "0.0.4",
      "resolved": "github:NixOS/nixpkgs/a6292e34000dc93d43bccf78338770c1c5ec8a99#poetry",
      "source": "devbox-search",
      "version": "1.8.3",
      "systems": {
        "aarch64-darwin": {
          "outputs": [
            {
              "name": "out",
              "path": "/nix/store/1g5zv1mrdn13sw6w60kbpbq70jiz644d-python3.12-poetry-1.8.3",
              "default": true
            },
            {
              "name": "dist",
              "path": "/nix/store/xirn7icibg5y9kzj7jlknfz3y6jknbjh-python3.12-poetry-1.8.3-dist"
            }
          ],
          "store_path": "/nix/store/1g5zv1mrdn13sw6w60kbpbq70jiz644d-python3.12-poetry-1.8.3"
        },
        "aarch64-linux": {
          "outputs": [
            {
              "name": "out",
              "path": "/nix/store/r65hfgyak218sdacrq2px02m4p7838sw-python3.12-poetry-1.8.3",
              "default": true
            },
            {
              "name": "dist",
              "path": "/nix/store/h6h4cfsb49qjym4ac6z3scsbv0nz3b4a-python3.12-poetry-1.8.3-dist"
            }
          ],
          "store_path": "/nix/store/r65hfgyak218sdacrq2px02m4p7838sw-python3.12-poetry-1.8.3"
        },
        "x86_64-darwin": {
          "outputs": [
            {
              "name": "out",
              "path": "/nix/store/mygixpcrb360i9c9n0sn0bhqpglrgdy3-python3.12-poetry-1.8.3",
              "default": true
            },
            {
              "name": "dist",
              "path": "/nix/store/d981x3aqbwxscqdir8rqgkvd1dlhx6in-python3.12-poetry-1.8.3-dist"
            }
          ],
          "store_path": "/nix/store/mygixpcrb360i9c9n0sn0bhqpglrgdy3-python3.12-poetry-1.8.3"
        },
        "x86_64-linux": {
          "outputs": [
            {
              "name": "out",
              "path": "/nix/store/3gx85p4wkv2h2jmzxqvsz07vmqn0vjji-python3.12-poetry-1.8.3",
              "default": true
            },
            {
              "name": "dist",
              "path": "/nix/store/9chkp83q605jgw2xxmyq6gdk4kp9wks2-python3.12-poetry-1.8.3-dist"
            }
          ],
          "store_path": "/nix/store/3gx85p4wkv2h2jmzxqvsz07vmqn0vjji-python3.12-poetry-1.8.3"
        }
      }
    },
    "postgresql@latest": {
      "last_modified": "2024-08-27T08:49:48Z",
      "plugin_version": "0.0.2",
      "resolved": "github:NixOS/nixpkgs/a6292e34000dc93d43bccf78338770c1c5ec8a99#postgresql",
      "source": "devbox-search",
      "version": "16.4",
      "systems": {
        "aarch64-darwin": {
          "outputs": [
            {
              "name": "out",
              "path": "/nix/store/i0asdxabgdls1xnjgd1a5y1fv27nfmfw-postgresql-16.4",
              "default": true
            },
            {
              "name": "man",
              "path": "/nix/store/mx2n38fqz3y7bbw9i2vccgr1nr53nlhy-postgresql-16.4-man",
              "default": true
            },
            {
              "name": "lib",
              "path": "/nix/store/jvc35r9p6y5pv8i7skbmbi120s7jq6ay-postgresql-16.4-lib"
            },
            {
              "name": "doc",
              "path": "/nix/store/8s96kqcqdjxczgqlwjsp5sd293pgfc1m-postgresql-16.4-doc"
            }
          ],
          "store_path": "/nix/store/i0asdxabgdls1xnjgd1a5y1fv27nfmfw-postgresql-16.4"
        },
        "aarch64-linux": {
          "outputs": [
            {
              "name": "out",
              "path": "/nix/store/d1ks0fmlm3jx4zb3zs8ghp973v28p2hi-postgresql-16.4",
              "default": true
            },
            {
              "name": "man",
              "path": "/nix/store/kvf1yxvm3zsbykm022zhk5xjdsady9c1-postgresql-16.4-man",
              "default": true
            },
            {
              "name": "debug",
              "path": "/nix/store/mxf4lgspi1c2ag5z3nmr2sd8q6pmssjb-postgresql-16.4-debug"
            },
            {
              "name": "doc",
              "path": "/nix/store/f1vyyv54ai0hq553ncm8ahaz5i948ign-postgresql-16.4-doc"
            },
            {
              "name": "lib",
              "path": "/nix/store/wbypzrzg1z9yl6cw6n4c2703z9m3dyzl-postgresql-16.4-lib"
            }
          ],
          "store_path": "/nix/store/d1ks0fmlm3jx4zb3zs8ghp973v28p2hi-postgresql-16.4"
        },
        "x86_64-darwin": {
          "outputs": [
            {
              "name": "out",
              "path": "/nix/store/fpwv4ygz88bdk9xa3zw9almda756p9x8-postgresql-16.4",
              "default": true
            },
            {
              "name": "man",
              "path": "/nix/store/yn0kvg33b2c6bkparh2vb74m2fdpszzs-postgresql-16.4-man",
              "default": true
            },
            {
              "name": "doc",
              "path": "/nix/store/66sbl8q8gl2v6gjck736pg9ay8h68apy-postgresql-16.4-doc"
            },
            {
              "name": "lib",
              "path": "/nix/store/qlp9p58ph8i1pjn6cnz0mycq64kid88a-postgresql-16.4-lib"
            }
          ],
          "store_path": "/nix/store/fpwv4ygz88bdk9xa3zw9almda756p9x8-postgresql-16.4"
        },
        "x86_64-linux": {
          "outputs": [
            {
              "name": "out",
              "path": "/nix/store/48abcjx52nbp8myygxgwqb4gh4xsg5fa-postgresql-16.4",
              "default": true
            },
            {
              "name": "man",
              "path": "/nix/store/nskmfhwxkzpn0cb1b69ap46jp9qcdg5p-postgresql-16.4-man",
              "default": true
            },
            {
              "name": "debug",
              "path": "/nix/store/mwdr7qpyf1ggllcs0f1qgywj3rab14v4-postgresql-16.4-debug"
            },
            {
              "name": "doc",
              "path": "/nix/store/vxrd7vs1v3mv70004mrs3070fjl58vrr-postgresql-16.4-doc"
            },
            {
              "name": "lib",
              "path": "/nix/store/37l0ff1bqzppalq55g7a5af0fcvg47wy-postgresql-16.4-lib"
            }
          ],
          "store_path": "/nix/store/48abcjx52nbp8myygxgwqb4gh4xsg5fa-postgresql-16.4"
        }
      }
    },
    "python312@latest": {
      "last_modified": "2024-06-12T20:55:33Z",
      "plugin_version": "0.0.3",
      "resolved": "github:NixOS/nixpkgs/a9858885e197f984d92d7fe64e9fff6b2e488d40#python312",
      "source": "devbox-search",
      "version": "3.12.3",
      "systems": {
        "aarch64-darwin": {
          "outputs": [
            {
              "name": "out",
              "path": "/nix/store/65ackbgqn02p6fy75rksjbp17zj6440j-python3-3.12.3",
              "default": true
            }
          ],
          "store_path": "/nix/store/65ackbgqn02p6fy75rksjbp17zj6440j-python3-3.12.3"
        },
        "aarch64-linux": {
          "outputs": [
            {
              "name": "out",
              "path": "/nix/store/59siylp1k9i3ch4d9m3vs5jp5z56b5sg-python3-3.12.3",
              "default": true
            },
            {
              "name": "debug",
              "path": "/nix/store/ji094818a78hrkag26202b21nr5v1pgk-python3-3.12.3-debug"
            }
          ],
          "store_path": "/nix/store/59siylp1k9i3ch4d9m3vs5jp5z56b5sg-python3-3.12.3"
        },
        "x86_64-darwin": {
          "outputs": [
            {
              "name": "out",
              "path": "/nix/store/nrskm5p85y6751k02ih51bpzfag8g5r8-python3-3.12.3",
              "default": true
            }
          ],
          "store_path": "/nix/store/nrskm5p85y6751k02ih51bpzfag8g5r8-python3-3.12.3"
        },
        "x86_64-linux": {
          "outputs": [
            {
              "name": "out",
              "path": "/nix/store/zwvdwiw0zg5liz6lkkkqyab035parhld-python3-3.12.3",
              "default": true
            },
            {
              "name": "debug",
              "path": "/nix/store/wj6mffmpvly3md2hqnq2jj8zrrw5qck9-python3-3.12.3-debug"
            }
          ],
          "store_path": "/nix/store/zwvdwiw0zg5liz6lkkkqyab035parhld-python3-3.12.3"
        }
      }
    },
    "python312Packages.pip@latest": {
      "last_modified": "2024-08-14T11:41:26Z",
      "plugin_version": "0.0.2",
      "resolved": "github:NixOS/nixpkgs/0cb2fd7c59fed0cd82ef858cbcbdb552b9a33465#python312Packages.pip",
      "source": "devbox-search",
      "version": "24.0",
      "systems": {
        "aarch64-darwin": {
          "outputs": [
            {
              "name": "out",
              "path": "/nix/store/p6pqmipj8dkf6yxrqvaidqbvlcd57r8m-python3.12-pip-24.0",
              "default": true
            },
            {
              "name": "man",
              "path": "/nix/store/snpyc6j7r5jyx6qkx7ss43vc2p3dxfgi-python3.12-pip-24.0-man",
              "default": true
            },
            {
              "name": "dist",
              "path": "/nix/store/kl3diwnri5cs0yzs118g70qmjvcm7hy9-python3.12-pip-24.0-dist"
            }
          ],
          "store_path": "/nix/store/p6pqmipj8dkf6yxrqvaidqbvlcd57r8m-python3.12-pip-24.0"
        },
        "aarch64-linux": {
          "outputs": [
            {
              "name": "out",
              "path": "/nix/store/x3ig7dv2ig8cpdfyk53j4plx4br4lgmi-python3.12-pip-24.0",
              "default": true
            },
            {
              "name": "man",
              "path": "/nix/store/hzx4r5sraca9hycqfk0mrbskq7nvg4zz-python3.12-pip-24.0-man",
              "default": true
            },
            {
              "name": "dist",
              "path": "/nix/store/1s73ybmkd0kyhh5vdfl4vhp9rxi5n7xp-python3.12-pip-24.0-dist"
            }
          ],
          "store_path": "/nix/store/x3ig7dv2ig8cpdfyk53j4plx4br4lgmi-python3.12-pip-24.0"
        },
        "x86_64-darwin": {
          "outputs": [
            {
              "name": "out",
              "path": "/nix/store/j4dp3wxmqslxj269z5iwi65m9mmzafqb-python3.12-pip-24.0",
              "default": true
            },
            {
              "name": "man",
              "path": "/nix/store/4nyn2lbwni2i8ivjb7ycsw216dhrck3a-python3.12-pip-24.0-man",
              "default": true
            },
            {
              "name": "dist",
              "path": "/nix/store/jjqjgsbzg7g0khx0xngs2w698j9g9fda-python3.12-pip-24.0-dist"
            }
          ],
          "store_path": "/nix/store/j4dp3wxmqslxj269z5iwi65m9mmzafqb-python3.12-pip-24.0"
        },
        "x86_64-linux": {
          "outputs": [
            {
              "name": "out",
              "path": "/nix/store/z5xf4y7v8b5g31x0cxj683x38n5gakam-python3.12-pip-24.0",
              "default": true
            },
            {
              "name": "man",
              "path": "/nix/store/wj2dnlyw0c662s74km8xpiyj0y03xszh-python3.12-pip-24.0-man",
              "default": true
            },
            {
              "name": "dist",
              "path": "/nix/store/7rwz9xj26fvf62ncw7174x3clk1yqfk3-python3.12-pip-24.0-dist"
            }
          ],
          "store_path": "/nix/store/z5xf4y7v8b5g31x0cxj683x38n5gakam-python3.12-pip-24.0"
        }
      }
    }
  }
}
